
Microsoft Visual Studio Solution File, Format Version 12.00
# Visual Studio Version 17
VisualStudioVersion = 17.10.34928.147
MinimumVisualStudioVersion = 10.0.40219.1
Project("{FAE04EC0-301F-11D3-BF4B-00C04F79EFBC}") = "MyFirstConsoleApplication", "MyFirstConsoleApplication\MyFirstConsoleApplication.csproj", "{6178ACD7-75FB-4231-BC7C-DA45B1DD3008}"
EndProject
Global
	GlobalSection(SolutionConfigurationPlatforms) = preSolution
		Debug|Any CPU = Debug|Any CPU
		Release|Any CPU = Release|Any CPU
	EndGlobalSection
	GlobalSection(ProjectConfigurationPlatforms) = postSolution
		{6178ACD7-75FB-4231-BC7C-DA45B1DD3008}.Debug|Any CPU.ActiveCfg = Debug|Any CPU
		{6178ACD7-75FB-4231-BC7C-DA45B1DD3008}.Debug|Any CPU.Build.0 = Debug|Any CPU
		{6178ACD7-75FB-4231-BC7C-DA45B1DD3008}.Release|Any CPU.ActiveCfg = Release|Any CPU
		{6178ACD7-75FB-4231-BC7C-DA45B1DD3008}.Release|Any CPU.Build.0 = Release|Any CPU
	EndGlobalSection
	GlobalSection(SolutionProperties) = preSolution
		HideSolutionNode = FALSE
	EndGlobalSection
	GlobalSection(ExtensibilityGlobals) = postSolution
		SolutionGuid = {AB64B2FE-8ECB-4862-B352-A15719050D03}
	EndGlobalSection
EndGlobal
